// !$*UTF8*$!
{
	archiveVersion = 1;
	classes = {
	};
	objectVersion = 48;
	objects = {

/* Begin PBXBuildFile section */
		08BF7D68B7F830F7CA0CEF61 /* Pods_FlixBusUITests.framework in Frameworks */ = {isa = PBXBuildFile; fileRef = B89357640EB6437DF311562E /* Pods_FlixBusUITests.framework */; };
		101D3216206CAEBB0038DAD7 /* RouteInfo.swift in Sources */ = {isa = PBXBuildFile; fileRef = 101D3215206CAEBB0038DAD7 /* RouteInfo.swift */; };
		101D3218206CB5CA0038DAD7 /* RouteInfoVC.swift in Sources */ = {isa = PBXBuildFile; fileRef = 101D3217206CB5CA0038DAD7 /* RouteInfoVC.swift */; };
		101D321A206CB7D30038DAD7 /* RouteInfoView.swift in Sources */ = {isa = PBXBuildFile; fileRef = 101D3219206CB7D30038DAD7 /* RouteInfoView.swift */; };
		101D321C206CB7DE0038DAD7 /* RouteInfoView.xib in Resources */ = {isa = PBXBuildFile; fileRef = 101D321B206CB7DE0038DAD7 /* RouteInfoView.xib */; };
		101D321F206CB8AD0038DAD7 /* UIView+Extension.swift in Sources */ = {isa = PBXBuildFile; fileRef = 101D321E206CB8AD0038DAD7 /* UIView+Extension.swift */; };
		101D3222206CC14E0038DAD7 /* Date+Extension.swift in Sources */ = {isa = PBXBuildFile; fileRef = 101D3221206CC14E0038DAD7 /* Date+Extension.swift */; };
		101D3226206CD6210038DAD7 /* Station+JSON.swift in Sources */ = {isa = PBXBuildFile; fileRef = 101D3225206CD6210038DAD7 /* Station+JSON.swift */; };
		101D322A206CE8250038DAD7 /* Station.plist in Resources */ = {isa = PBXBuildFile; fileRef = 101D3229206CE8250038DAD7 /* Station.plist */; };
		101D322C206CEADD0038DAD7 /* ParsingHelper.swift in Sources */ = {isa = PBXBuildFile; fileRef = 101D322B206CEADD0038DAD7 /* ParsingHelper.swift */; };
		101D322F206CF2630038DAD7 /* Preference.swift in Sources */ = {isa = PBXBuildFile; fileRef = 101D322E206CF2630038DAD7 /* Preference.swift */; };
		1062771E206E3010009AB6A9 /* ParsingHelperTests.swift in Sources */ = {isa = PBXBuildFile; fileRef = 1062771D206E3010009AB6A9 /* ParsingHelperTests.swift */; };
		10627720206E33E2009AB6A9 /* test.json in Resources */ = {isa = PBXBuildFile; fileRef = 1062771F206E33E2009AB6A9 /* test.json */; };
		10855899206BED1E00601CF7 /* AppDelegate.swift in Sources */ = {isa = PBXBuildFile; fileRef = 10855898206BED1E00601CF7 /* AppDelegate.swift */; };
		1085589E206BED1F00601CF7 /* Main.storyboard in Resources */ = {isa = PBXBuildFile; fileRef = 1085589C206BED1F00601CF7 /* Main.storyboard */; };
		108558A0206BED1F00601CF7 /* Assets.xcassets in Resources */ = {isa = PBXBuildFile; fileRef = 1085589F206BED1F00601CF7 /* Assets.xcassets */; };
		108558A3206BED1F00601CF7 /* LaunchScreen.storyboard in Resources */ = {isa = PBXBuildFile; fileRef = 108558A1206BED1F00601CF7 /* LaunchScreen.storyboard */; };
		108558B9206BED1F00601CF7 /* FlixBusUITests.swift in Sources */ = {isa = PBXBuildFile; fileRef = 108558B8206BED1F00601CF7 /* FlixBusUITests.swift */; };
		108558C7206BEDC600601CF7 /* StationsListVC.swift in Sources */ = {isa = PBXBuildFile; fileRef = 108558C6206BEDC600601CF7 /* StationsListVC.swift */; };
		108558C9206BF1F700601CF7 /* TimeTableListVC.swift in Sources */ = {isa = PBXBuildFile; fileRef = 108558C8206BF1F700601CF7 /* TimeTableListVC.swift */; };
		108558CD206BF27500601CF7 /* Station.swift in Sources */ = {isa = PBXBuildFile; fileRef = 108558CC206BF27500601CF7 /* Station.swift */; };
		108558CF206BF2FC00601CF7 /* Configuration.swift in Sources */ = {isa = PBXBuildFile; fileRef = 108558CE206BF2FC00601CF7 /* Configuration.swift */; };
		108558D2206C001C00601CF7 /* Navigation.swift in Sources */ = {isa = PBXBuildFile; fileRef = 108558D1206C001C00601CF7 /* Navigation.swift */; };
		10CC626E20701A6C00D165E5 /* StationTests.swift in Sources */ = {isa = PBXBuildFile; fileRef = 10CC626D20701A6C00D165E5 /* StationTests.swift */; };
		10CC627020701FBB00D165E5 /* TimeTableTests.swift in Sources */ = {isa = PBXBuildFile; fileRef = 10CC626F20701FBB00D165E5 /* TimeTableTests.swift */; };
		10CC62722070271800D165E5 /* DateTime.swift in Sources */ = {isa = PBXBuildFile; fileRef = 10CC62712070271800D165E5 /* DateTime.swift */; };
		10CC62742070273D00D165E5 /* Coordinates.swift in Sources */ = {isa = PBXBuildFile; fileRef = 10CC62732070273D00D165E5 /* Coordinates.swift */; };
		10CC6276207027D100D165E5 /* RouteInfoTests.swift in Sources */ = {isa = PBXBuildFile; fileRef = 10CC6275207027D100D165E5 /* RouteInfoTests.swift */; };
		10D4FE67206C1AAE00C22937 /* TimeTableCell.swift in Sources */ = {isa = PBXBuildFile; fileRef = 10D4FE66206C1AAE00C22937 /* TimeTableCell.swift */; };
		10D4FE69206C240F00C22937 /* TimeTableInfo.swift in Sources */ = {isa = PBXBuildFile; fileRef = 10D4FE68206C240F00C22937 /* TimeTableInfo.swift */; };
		10D4FE6B206C2C4C00C22937 /* TimeTableInfo+JSON.swift in Sources */ = {isa = PBXBuildFile; fileRef = 10D4FE6A206C2C4C00C22937 /* TimeTableInfo+JSON.swift */; };
		10D4FE6D206C2CBF00C22937 /* JourneyType.swift in Sources */ = {isa = PBXBuildFile; fileRef = 10D4FE6C206C2CBF00C22937 /* JourneyType.swift */; };
		10D4FE6F206C307700C22937 /* LoadingIndicator.swift in Sources */ = {isa = PBXBuildFile; fileRef = 10D4FE6E206C307700C22937 /* LoadingIndicator.swift */; };
		10D4FE71206C351F00C22937 /* TimeTableInfo+RxDataSource.swift in Sources */ = {isa = PBXBuildFile; fileRef = 10D4FE70206C351F00C22937 /* TimeTableInfo+RxDataSource.swift */; };
		458C62D71D3479AD3A3DF37B /* Pods_FlixBus.framework in Frameworks */ = {isa = PBXBuildFile; fileRef = F9678A147E5A3E7504A2B1C7 /* Pods_FlixBus.framework */; };
		925AD3A5D9C61315A4857D6B /* Pods_FlixBusTests.framework in Frameworks */ = {isa = PBXBuildFile; fileRef = 450CDBBC5C5846269A948D8A /* Pods_FlixBusTests.framework */; };
/* End PBXBuildFile section */

/* Begin PBXContainerItemProxy section */
		108558AA206BED1F00601CF7 /* PBXContainerItemProxy */ = {
			isa = PBXContainerItemProxy;
			containerPortal = 1085588D206BED1E00601CF7 /* Project object */;
			proxyType = 1;
			remoteGlobalIDString = 10855894206BED1E00601CF7;
			remoteInfo = FlixBus;
		};
		108558B5206BED1F00601CF7 /* PBXContainerItemProxy */ = {
			isa = PBXContainerItemProxy;
			containerPortal = 1085588D206BED1E00601CF7 /* Project object */;
			proxyType = 1;
			remoteGlobalIDString = 10855894206BED1E00601CF7;
			remoteInfo = FlixBus;
		};
/* End PBXContainerItemProxy section */

/* Begin PBXFileReference section */
		101D3215206CAEBB0038DAD7 /* RouteInfo.swift */ = {isa = PBXFileReference; lastKnownFileType = sourcecode.swift; path = RouteInfo.swift; sourceTree = "<group>"; };
		101D3217206CB5CA0038DAD7 /* RouteInfoVC.swift */ = {isa = PBXFileReference; lastKnownFileType = sourcecode.swift; path = RouteInfoVC.swift; sourceTree = "<group>"; };
		101D3219206CB7D30038DAD7 /* RouteInfoView.swift */ = {isa = PBXFileReference; lastKnownFileType = sourcecode.swift; path = RouteInfoView.swift; sourceTree = "<group>"; };
		101D321B206CB7DE0038DAD7 /* RouteInfoView.xib */ = {isa = PBXFileReference; lastKnownFileType = file.xib; path = RouteInfoView.xib; sourceTree = "<group>"; };
		101D321E206CB8AD0038DAD7 /* UIView+Extension.swift */ = {isa = PBXFileReference; lastKnownFileType = sourcecode.swift; path = "UIView+Extension.swift"; sourceTree = "<group>"; };
		101D3221206CC14E0038DAD7 /* Date+Extension.swift */ = {isa = PBXFileReference; fileEncoding = 4; lastKnownFileType = sourcecode.swift; path = "Date+Extension.swift"; sourceTree = "<group>"; };
		101D3225206CD6210038DAD7 /* Station+JSON.swift */ = {isa = PBXFileReference; lastKnownFileType = sourcecode.swift; path = "Station+JSON.swift"; sourceTree = "<group>"; };
		101D3229206CE8250038DAD7 /* Station.plist */ = {isa = PBXFileReference; lastKnownFileType = text.plist.xml; path = Station.plist; sourceTree = "<group>"; };
		101D322B206CEADD0038DAD7 /* ParsingHelper.swift */ = {isa = PBXFileReference; lastKnownFileType = sourcecode.swift; path = ParsingHelper.swift; sourceTree = "<group>"; };
		101D322E206CF2630038DAD7 /* Preference.swift */ = {isa = PBXFileReference; lastKnownFileType = sourcecode.swift; path = Preference.swift; sourceTree = "<group>"; };
		1062771D206E3010009AB6A9 /* ParsingHelperTests.swift */ = {isa = PBXFileReference; lastKnownFileType = sourcecode.swift; path = ParsingHelperTests.swift; sourceTree = "<group>"; };
		1062771F206E33E2009AB6A9 /* test.json */ = {isa = PBXFileReference; lastKnownFileType = text.json; path = test.json; sourceTree = "<group>"; };
		10855895206BED1E00601CF7 /* FlixBus.app */ = {isa = PBXFileReference; explicitFileType = wrapper.application; includeInIndex = 0; path = FlixBus.app; sourceTree = BUILT_PRODUCTS_DIR; };
		10855898206BED1E00601CF7 /* AppDelegate.swift */ = {isa = PBXFileReference; lastKnownFileType = sourcecode.swift; path = AppDelegate.swift; sourceTree = "<group>"; };
		1085589D206BED1F00601CF7 /* Base */ = {isa = PBXFileReference; lastKnownFileType = file.storyboard; name = Base; path = Base.lproj/Main.storyboard; sourceTree = "<group>"; };
		1085589F206BED1F00601CF7 /* Assets.xcassets */ = {isa = PBXFileReference; lastKnownFileType = folder.assetcatalog; path = Assets.xcassets; sourceTree = "<group>"; };
		108558A2206BED1F00601CF7 /* Base */ = {isa = PBXFileReference; lastKnownFileType = file.storyboard; name = Base; path = Base.lproj/LaunchScreen.storyboard; sourceTree = "<group>"; };
		108558A4206BED1F00601CF7 /* Info.plist */ = {isa = PBXFileReference; lastKnownFileType = text.plist.xml; path = Info.plist; sourceTree = "<group>"; };
		108558A9206BED1F00601CF7 /* FlixBusTests.xctest */ = {isa = PBXFileReference; explicitFileType = wrapper.cfbundle; includeInIndex = 0; path = FlixBusTests.xctest; sourceTree = BUILT_PRODUCTS_DIR; };
		108558AF206BED1F00601CF7 /* Info.plist */ = {isa = PBXFileReference; lastKnownFileType = text.plist.xml; path = Info.plist; sourceTree = "<group>"; };
		108558B4206BED1F00601CF7 /* FlixBusUITests.xctest */ = {isa = PBXFileReference; explicitFileType = wrapper.cfbundle; includeInIndex = 0; path = FlixBusUITests.xctest; sourceTree = BUILT_PRODUCTS_DIR; };
		108558B8206BED1F00601CF7 /* FlixBusUITests.swift */ = {isa = PBXFileReference; lastKnownFileType = sourcecode.swift; path = FlixBusUITests.swift; sourceTree = "<group>"; };
		108558BA206BED1F00601CF7 /* Info.plist */ = {isa = PBXFileReference; lastKnownFileType = text.plist.xml; path = Info.plist; sourceTree = "<group>"; };
		108558C6206BEDC600601CF7 /* StationsListVC.swift */ = {isa = PBXFileReference; lastKnownFileType = sourcecode.swift; path = StationsListVC.swift; sourceTree = "<group>"; };
		108558C8206BF1F700601CF7 /* TimeTableListVC.swift */ = {isa = PBXFileReference; lastKnownFileType = sourcecode.swift; path = TimeTableListVC.swift; sourceTree = "<group>"; };
		108558CC206BF27500601CF7 /* Station.swift */ = {isa = PBXFileReference; lastKnownFileType = sourcecode.swift; path = Station.swift; sourceTree = "<group>"; };
		108558CE206BF2FC00601CF7 /* Configuration.swift */ = {isa = PBXFileReference; lastKnownFileType = sourcecode.swift; path = Configuration.swift; sourceTree = "<group>"; };
		108558D1206C001C00601CF7 /* Navigation.swift */ = {isa = PBXFileReference; lastKnownFileType = sourcecode.swift; path = Navigation.swift; sourceTree = "<group>"; };
		10CC626D20701A6C00D165E5 /* StationTests.swift */ = {isa = PBXFileReference; lastKnownFileType = sourcecode.swift; path = StationTests.swift; sourceTree = "<group>"; };
		10CC626F20701FBB00D165E5 /* TimeTableTests.swift */ = {isa = PBXFileReference; lastKnownFileType = sourcecode.swift; path = TimeTableTests.swift; sourceTree = "<group>"; };
		10CC62712070271800D165E5 /* DateTime.swift */ = {isa = PBXFileReference; lastKnownFileType = sourcecode.swift; path = DateTime.swift; sourceTree = "<group>"; };
		10CC62732070273D00D165E5 /* Coordinates.swift */ = {isa = PBXFileReference; lastKnownFileType = sourcecode.swift; path = Coordinates.swift; sourceTree = "<group>"; };
		10CC6275207027D100D165E5 /* RouteInfoTests.swift */ = {isa = PBXFileReference; lastKnownFileType = sourcecode.swift; path = RouteInfoTests.swift; sourceTree = "<group>"; };
		10D4FE66206C1AAE00C22937 /* TimeTableCell.swift */ = {isa = PBXFileReference; lastKnownFileType = sourcecode.swift; path = TimeTableCell.swift; sourceTree = "<group>"; };
		10D4FE68206C240F00C22937 /* TimeTableInfo.swift */ = {isa = PBXFileReference; lastKnownFileType = sourcecode.swift; path = TimeTableInfo.swift; sourceTree = "<group>"; };
		10D4FE6A206C2C4C00C22937 /* TimeTableInfo+JSON.swift */ = {isa = PBXFileReference; lastKnownFileType = sourcecode.swift; path = "TimeTableInfo+JSON.swift"; sourceTree = "<group>"; };
		10D4FE6C206C2CBF00C22937 /* JourneyType.swift */ = {isa = PBXFileReference; lastKnownFileType = sourcecode.swift; path = JourneyType.swift; sourceTree = "<group>"; };
		10D4FE6E206C307700C22937 /* LoadingIndicator.swift */ = {isa = PBXFileReference; fileEncoding = 4; lastKnownFileType = sourcecode.swift; path = LoadingIndicator.swift; sourceTree = "<group>"; };
		10D4FE70206C351F00C22937 /* TimeTableInfo+RxDataSource.swift */ = {isa = PBXFileReference; lastKnownFileType = sourcecode.swift; path = "TimeTableInfo+RxDataSource.swift"; sourceTree = "<group>"; };
		113198FAD163CC58D2D0BA70 /* Pods-FlixBus.debug.xcconfig */ = {isa = PBXFileReference; includeInIndex = 1; lastKnownFileType = text.xcconfig; name = "Pods-FlixBus.debug.xcconfig"; path = "Pods/Target Support Files/Pods-FlixBus/Pods-FlixBus.debug.xcconfig"; sourceTree = "<group>"; };
		450CDBBC5C5846269A948D8A /* Pods_FlixBusTests.framework */ = {isa = PBXFileReference; explicitFileType = wrapper.framework; includeInIndex = 0; path = Pods_FlixBusTests.framework; sourceTree = BUILT_PRODUCTS_DIR; };
		52FFF110BB8DFC7350F80C74 /* Pods-FlixBusTests.debug.xcconfig */ = {isa = PBXFileReference; includeInIndex = 1; lastKnownFileType = text.xcconfig; name = "Pods-FlixBusTests.debug.xcconfig"; path = "Pods/Target Support Files/Pods-FlixBusTests/Pods-FlixBusTests.debug.xcconfig"; sourceTree = "<group>"; };
		5A2E279151DB0F3BF98348C2 /* Pods-FlixBus.release.xcconfig */ = {isa = PBXFileReference; includeInIndex = 1; lastKnownFileType = text.xcconfig; name = "Pods-FlixBus.release.xcconfig"; path = "Pods/Target Support Files/Pods-FlixBus/Pods-FlixBus.release.xcconfig"; sourceTree = "<group>"; };
		6A928B5F60231B8EA2FCDE37 /* Pods-FlixBusTests.release.xcconfig */ = {isa = PBXFileReference; includeInIndex = 1; lastKnownFileType = text.xcconfig; name = "Pods-FlixBusTests.release.xcconfig"; path = "Pods/Target Support Files/Pods-FlixBusTests/Pods-FlixBusTests.release.xcconfig"; sourceTree = "<group>"; };
		B89357640EB6437DF311562E /* Pods_FlixBusUITests.framework */ = {isa = PBXFileReference; explicitFileType = wrapper.framework; includeInIndex = 0; path = Pods_FlixBusUITests.framework; sourceTree = BUILT_PRODUCTS_DIR; };
		CC7D8A367D9692DE93344E3C /* Pods-FlixBusUITests.release.xcconfig */ = {isa = PBXFileReference; includeInIndex = 1; lastKnownFileType = text.xcconfig; name = "Pods-FlixBusUITests.release.xcconfig"; path = "Pods/Target Support Files/Pods-FlixBusUITests/Pods-FlixBusUITests.release.xcconfig"; sourceTree = "<group>"; };
		D461C3372AAC0DDF5C9B089F /* Pods-FlixBusUITests.debug.xcconfig */ = {isa = PBXFileReference; includeInIndex = 1; lastKnownFileType = text.xcconfig; name = "Pods-FlixBusUITests.debug.xcconfig"; path = "Pods/Target Support Files/Pods-FlixBusUITests/Pods-FlixBusUITests.debug.xcconfig"; sourceTree = "<group>"; };
		F9678A147E5A3E7504A2B1C7 /* Pods_FlixBus.framework */ = {isa = PBXFileReference; explicitFileType = wrapper.framework; includeInIndex = 0; path = Pods_FlixBus.framework; sourceTree = BUILT_PRODUCTS_DIR; };
/* End PBXFileReference section */

/* Begin PBXFrameworksBuildPhase section */
		10855892206BED1E00601CF7 /* Frameworks */ = {
			isa = PBXFrameworksBuildPhase;
			buildActionMask = 2147483647;
			files = (
				458C62D71D3479AD3A3DF37B /* Pods_FlixBus.framework in Frameworks */,
			);
			runOnlyForDeploymentPostprocessing = 0;
		};
		108558A6206BED1F00601CF7 /* Frameworks */ = {
			isa = PBXFrameworksBuildPhase;
			buildActionMask = 2147483647;
			files = (
				925AD3A5D9C61315A4857D6B /* Pods_FlixBusTests.framework in Frameworks */,
			);
			runOnlyForDeploymentPostprocessing = 0;
		};
		108558B1206BED1F00601CF7 /* Frameworks */ = {
			isa = PBXFrameworksBuildPhase;
			buildActionMask = 2147483647;
			files = (
				08BF7D68B7F830F7CA0CEF61 /* Pods_FlixBusUITests.framework in Frameworks */,
			);
			runOnlyForDeploymentPostprocessing = 0;
		};
/* End PBXFrameworksBuildPhase section */

/* Begin PBXGroup section */
		101D321D206CB7E30038DAD7 /* RouteInfoView */ = {
			isa = PBXGroup;
			children = (
				101D3219206CB7D30038DAD7 /* RouteInfoView.swift */,
				101D321B206CB7DE0038DAD7 /* RouteInfoView.xib */,
			);
			path = RouteInfoView;
			sourceTree = "<group>";
		};
		101D3220206CBB820038DAD7 /* Extensions */ = {
			isa = PBXGroup;
			children = (
				101D321E206CB8AD0038DAD7 /* UIView+Extension.swift */,
				101D3221206CC14E0038DAD7 /* Date+Extension.swift */,
			);
			path = Extensions;
			sourceTree = "<group>";
		};
		101D3223206CC2FB0038DAD7 /* UI */ = {
			isa = PBXGroup;
			children = (
				108558D1206C001C00601CF7 /* Navigation.swift */,
				10D4FE6E206C307700C22937 /* LoadingIndicator.swift */,
			);
			path = UI;
			sourceTree = "<group>";
		};
		101D3224206CD5D60038DAD7 /* Resources */ = {
			isa = PBXGroup;
			children = (
				1085589F206BED1F00601CF7 /* Assets.xcassets */,
				108558A1206BED1F00601CF7 /* LaunchScreen.storyboard */,
				101D3229206CE8250038DAD7 /* Station.plist */,
			);
			path = Resources;
			sourceTree = "<group>";
		};
		101D3227206CD6260038DAD7 /* Station */ = {
			isa = PBXGroup;
			children = (
				108558CC206BF27500601CF7 /* Station.swift */,
				101D3225206CD6210038DAD7 /* Station+JSON.swift */,
			);
			path = Station;
			sourceTree = "<group>";
		};
		101D3228206CD62E0038DAD7 /* TimeTable */ = {
			isa = PBXGroup;
			children = (
				10D4FE68206C240F00C22937 /* TimeTableInfo.swift */,
				10D4FE6A206C2C4C00C22937 /* TimeTableInfo+JSON.swift */,
				10D4FE70206C351F00C22937 /* TimeTableInfo+RxDataSource.swift */,
			);
			path = TimeTable;
			sourceTree = "<group>";
		};
		101D322D206CED650038DAD7 /* Helper */ = {
			isa = PBXGroup;
			children = (
				101D322B206CEADD0038DAD7 /* ParsingHelper.swift */,
			);
			path = Helper;
			sourceTree = "<group>";
		};
		1068AC28C12F0781D332CE5A /* Pods */ = {
			isa = PBXGroup;
			children = (
				113198FAD163CC58D2D0BA70 /* Pods-FlixBus.debug.xcconfig */,
				5A2E279151DB0F3BF98348C2 /* Pods-FlixBus.release.xcconfig */,
				52FFF110BB8DFC7350F80C74 /* Pods-FlixBusTests.debug.xcconfig */,
				6A928B5F60231B8EA2FCDE37 /* Pods-FlixBusTests.release.xcconfig */,
				D461C3372AAC0DDF5C9B089F /* Pods-FlixBusUITests.debug.xcconfig */,
				CC7D8A367D9692DE93344E3C /* Pods-FlixBusUITests.release.xcconfig */,
			);
			name = Pods;
			sourceTree = "<group>";
		};
		1085588C206BED1E00601CF7 = {
			isa = PBXGroup;
			children = (
				10855897206BED1E00601CF7 /* FlixBus */,
				108558AC206BED1F00601CF7 /* FlixBusTests */,
				108558B7206BED1F00601CF7 /* FlixBusUITests */,
				10855896206BED1E00601CF7 /* Products */,
				1068AC28C12F0781D332CE5A /* Pods */,
				9EC61A4915E774768C2CD5BE /* Frameworks */,
			);
			sourceTree = "<group>";
		};
		10855896206BED1E00601CF7 /* Products */ = {
			isa = PBXGroup;
			children = (
				10855895206BED1E00601CF7 /* FlixBus.app */,
				108558A9206BED1F00601CF7 /* FlixBusTests.xctest */,
				108558B4206BED1F00601CF7 /* FlixBusUITests.xctest */,
			);
			name = Products;
			sourceTree = "<group>";
		};
		10855897206BED1E00601CF7 /* FlixBus */ = {
			isa = PBXGroup;
			children = (
				10855898206BED1E00601CF7 /* AppDelegate.swift */,
				108558CE206BF2FC00601CF7 /* Configuration.swift */,
				1085589C206BED1F00601CF7 /* Main.storyboard */,
				101D322D206CED650038DAD7 /* Helper */,
				101D3223206CC2FB0038DAD7 /* UI */,
				101D3220206CBB820038DAD7 /* Extensions */,
				108558CA206BF20200601CF7 /* Controllers */,
				108558CB206BF20F00601CF7 /* Models */,
				10D4FE65206C1A7600C22937 /* Views */,
				101D3224206CD5D60038DAD7 /* Resources */,
				108558A4206BED1F00601CF7 /* Info.plist */,
			);
			path = FlixBus;
			sourceTree = "<group>";
		};
		108558AC206BED1F00601CF7 /* FlixBusTests */ = {
			isa = PBXGroup;
			children = (
				10CC626C2070171900D165E5 /* Resources */,
				1062771D206E3010009AB6A9 /* ParsingHelperTests.swift */,
				10CC626D20701A6C00D165E5 /* StationTests.swift */,
				10CC626F20701FBB00D165E5 /* TimeTableTests.swift */,
				10CC6275207027D100D165E5 /* RouteInfoTests.swift */,
				108558AF206BED1F00601CF7 /* Info.plist */,
			);
			path = FlixBusTests;
			sourceTree = "<group>";
		};
		108558B7206BED1F00601CF7 /* FlixBusUITests */ = {
			isa = PBXGroup;
			children = (
				108558B8206BED1F00601CF7 /* FlixBusUITests.swift */,
				108558BA206BED1F00601CF7 /* Info.plist */,
			);
			path = FlixBusUITests;
			sourceTree = "<group>";
		};
		108558CA206BF20200601CF7 /* Controllers */ = {
			isa = PBXGroup;
			children = (
				108558C6206BEDC600601CF7 /* StationsListVC.swift */,
				108558C8206BF1F700601CF7 /* TimeTableListVC.swift */,
				101D3217206CB5CA0038DAD7 /* RouteInfoVC.swift */,
			);
			path = Controllers;
			sourceTree = "<group>";
		};
		108558CB206BF20F00601CF7 /* Models */ = {
			isa = PBXGroup;
			children = (
				10D4FE6C206C2CBF00C22937 /* JourneyType.swift */,
				101D322E206CF2630038DAD7 /* Preference.swift */,
				101D3227206CD6260038DAD7 /* Station */,
				101D3228206CD62E0038DAD7 /* TimeTable */,
				101D3215206CAEBB0038DAD7 /* RouteInfo.swift */,
				10CC62712070271800D165E5 /* DateTime.swift */,
				10CC62732070273D00D165E5 /* Coordinates.swift */,
			);
			path = Models;
			sourceTree = "<group>";
		};
		10CC626C2070171900D165E5 /* Resources */ = {
			isa = PBXGroup;
			children = (
				1062771F206E33E2009AB6A9 /* test.json */,
			);
			path = Resources;
			sourceTree = "<group>";
		};
		10D4FE65206C1A7600C22937 /* Views */ = {
			isa = PBXGroup;
			children = (
				10D4FE66206C1AAE00C22937 /* TimeTableCell.swift */,
				101D321D206CB7E30038DAD7 /* RouteInfoView */,
			);
			path = Views;
			sourceTree = "<group>";
		};
		9EC61A4915E774768C2CD5BE /* Frameworks */ = {
			isa = PBXGroup;
			children = (
				F9678A147E5A3E7504A2B1C7 /* Pods_FlixBus.framework */,
				450CDBBC5C5846269A948D8A /* Pods_FlixBusTests.framework */,
				B89357640EB6437DF311562E /* Pods_FlixBusUITests.framework */,
			);
			name = Frameworks;
			sourceTree = "<group>";
		};
/* End PBXGroup section */

/* Begin PBXNativeTarget section */
		10855894206BED1E00601CF7 /* FlixBus */ = {
			isa = PBXNativeTarget;
			buildConfigurationList = 108558BD206BED1F00601CF7 /* Build configuration list for PBXNativeTarget "FlixBus" */;
			buildPhases = (
				B95494B88610A6ACBEE6CA67 /* [CP] Check Pods Manifest.lock */,
				10855891206BED1E00601CF7 /* Sources */,
				10855892206BED1E00601CF7 /* Frameworks */,
				10855893206BED1E00601CF7 /* Resources */,
				E25E09261D7802DEA03D0EF1 /* [CP] Embed Pods Frameworks */,
				44D71034AC020AB14522178F /* [CP] Copy Pods Resources */,
			);
			buildRules = (
			);
			dependencies = (
			);
			name = FlixBus;
			productName = FlixBus;
			productReference = 10855895206BED1E00601CF7 /* FlixBus.app */;
			productType = "com.apple.product-type.application";
		};
		108558A8206BED1F00601CF7 /* FlixBusTests */ = {
			isa = PBXNativeTarget;
			buildConfigurationList = 108558C0206BED1F00601CF7 /* Build configuration list for PBXNativeTarget "FlixBusTests" */;
			buildPhases = (
				5AAEA5109DBC0BA3D06ADC91 /* [CP] Check Pods Manifest.lock */,
				108558A5206BED1F00601CF7 /* Sources */,
				108558A6206BED1F00601CF7 /* Frameworks */,
				108558A7206BED1F00601CF7 /* Resources */,
				6591AD6BB234250B8167228D /* [CP] Embed Pods Frameworks */,
				842059FE12F121CBBFE618E9 /* [CP] Copy Pods Resources */,
			);
			buildRules = (
			);
			dependencies = (
				108558AB206BED1F00601CF7 /* PBXTargetDependency */,
			);
			name = FlixBusTests;
			productName = FlixBusTests;
			productReference = 108558A9206BED1F00601CF7 /* FlixBusTests.xctest */;
			productType = "com.apple.product-type.bundle.unit-test";
		};
		108558B3206BED1F00601CF7 /* FlixBusUITests */ = {
			isa = PBXNativeTarget;
			buildConfigurationList = 108558C3206BED1F00601CF7 /* Build configuration list for PBXNativeTarget "FlixBusUITests" */;
			buildPhases = (
				F06E3D543D8AE661A9C801F5 /* [CP] Check Pods Manifest.lock */,
				108558B0206BED1F00601CF7 /* Sources */,
				108558B1206BED1F00601CF7 /* Frameworks */,
				108558B2206BED1F00601CF7 /* Resources */,
				41BB24A7499B847E8D6E86D4 /* [CP] Embed Pods Frameworks */,
				EFD1C2B0B32466E43C3AD90C /* [CP] Copy Pods Resources */,
			);
			buildRules = (
			);
			dependencies = (
				108558B6206BED1F00601CF7 /* PBXTargetDependency */,
			);
			name = FlixBusUITests;
			productName = FlixBusUITests;
			productReference = 108558B4206BED1F00601CF7 /* FlixBusUITests.xctest */;
			productType = "com.apple.product-type.bundle.ui-testing";
		};
/* End PBXNativeTarget section */

/* Begin PBXProject section */
		1085588D206BED1E00601CF7 /* Project object */ = {
			isa = PBXProject;
			attributes = {
				LastSwiftUpdateCheck = 0920;
				LastUpgradeCheck = 0920;
				ORGANIZATIONNAME = "Jitendra Gandhi";
				TargetAttributes = {
					10855894206BED1E00601CF7 = {
						CreatedOnToolsVersion = 9.2;
						ProvisioningStyle = Automatic;
					};
					108558A8206BED1F00601CF7 = {
						CreatedOnToolsVersion = 9.2;
						ProvisioningStyle = Automatic;
						TestTargetID = 10855894206BED1E00601CF7;
					};
					108558B3206BED1F00601CF7 = {
						CreatedOnToolsVersion = 9.2;
						ProvisioningStyle = Automatic;
						TestTargetID = 10855894206BED1E00601CF7;
					};
				};
			};
			buildConfigurationList = 10855890206BED1E00601CF7 /* Build configuration list for PBXProject "FlixBus" */;
			compatibilityVersion = "Xcode 8.0";
			developmentRegion = en;
			hasScannedForEncodings = 0;
			knownRegions = (
				en,
				Base,
			);
			mainGroup = 1085588C206BED1E00601CF7;
			productRefGroup = 10855896206BED1E00601CF7 /* Products */;
			projectDirPath = "";
			projectRoot = "";
			targets = (
				10855894206BED1E00601CF7 /* FlixBus */,
				108558A8206BED1F00601CF7 /* FlixBusTests */,
				108558B3206BED1F00601CF7 /* FlixBusUITests */,
			);
		};
/* End PBXProject section */

/* Begin PBXResourcesBuildPhase section */
		10855893206BED1E00601CF7 /* Resources */ = {
			isa = PBXResourcesBuildPhase;
			buildActionMask = 2147483647;
			files = (
				101D321C206CB7DE0038DAD7 /* RouteInfoView.xib in Resources */,
				101D322A206CE8250038DAD7 /* Station.plist in Resources */,
				108558A3206BED1F00601CF7 /* LaunchScreen.storyboard in Resources */,
				108558A0206BED1F00601CF7 /* Assets.xcassets in Resources */,
				1085589E206BED1F00601CF7 /* Main.storyboard in Resources */,
			);
			runOnlyForDeploymentPostprocessing = 0;
		};
		108558A7206BED1F00601CF7 /* Resources */ = {
			isa = PBXResourcesBuildPhase;
			buildActionMask = 2147483647;
			files = (
				10627720206E33E2009AB6A9 /* test.json in Resources */,
			);
			runOnlyForDeploymentPostprocessing = 0;
		};
		108558B2206BED1F00601CF7 /* Resources */ = {
			isa = PBXResourcesBuildPhase;
			buildActionMask = 2147483647;
			files = (
			);
			runOnlyForDeploymentPostprocessing = 0;
		};
/* End PBXResourcesBuildPhase section */

/* Begin PBXShellScriptBuildPhase section */
		41BB24A7499B847E8D6E86D4 /* [CP] Embed Pods Frameworks */ = {
			isa = PBXShellScriptBuildPhase;
			buildActionMask = 2147483647;
			files = (
			);
			inputPaths = (
			);
			name = "[CP] Embed Pods Frameworks";
			outputPaths = (
			);
			runOnlyForDeploymentPostprocessing = 0;
			shellPath = /bin/sh;
			shellScript = "\"${SRCROOT}/Pods/Target Support Files/Pods-FlixBusUITests/Pods-FlixBusUITests-frameworks.sh\"\n";
			showEnvVarsInLog = 0;
		};
		44D71034AC020AB14522178F /* [CP] Copy Pods Resources */ = {
			isa = PBXShellScriptBuildPhase;
			buildActionMask = 2147483647;
			files = (
			);
			inputPaths = (
			);
			name = "[CP] Copy Pods Resources";
			outputPaths = (
			);
			runOnlyForDeploymentPostprocessing = 0;
			shellPath = /bin/sh;
			shellScript = "\"${SRCROOT}/Pods/Target Support Files/Pods-FlixBus/Pods-FlixBus-resources.sh\"\n";
			showEnvVarsInLog = 0;
		};
		5AAEA5109DBC0BA3D06ADC91 /* [CP] Check Pods Manifest.lock */ = {
			isa = PBXShellScriptBuildPhase;
			buildActionMask = 2147483647;
			files = (
			);
			inputPaths = (
				"${PODS_PODFILE_DIR_PATH}/Podfile.lock",
				"${PODS_ROOT}/Manifest.lock",
			);
			name = "[CP] Check Pods Manifest.lock";
			outputPaths = (
				"$(DERIVED_FILE_DIR)/Pods-FlixBusTests-checkManifestLockResult.txt",
			);
			runOnlyForDeploymentPostprocessing = 0;
			shellPath = /bin/sh;
			shellScript = "diff \"${PODS_PODFILE_DIR_PATH}/Podfile.lock\" \"${PODS_ROOT}/Manifest.lock\" > /dev/null\nif [ $? != 0 ] ; then\n    # print error to STDERR\n    echo \"error: The sandbox is not in sync with the Podfile.lock. Run 'pod install' or update your CocoaPods installation.\" >&2\n    exit 1\nfi\n# This output is used by Xcode 'outputs' to avoid re-running this script phase.\necho \"SUCCESS\" > \"${SCRIPT_OUTPUT_FILE_0}\"\n";
			showEnvVarsInLog = 0;
		};
		6591AD6BB234250B8167228D /* [CP] Embed Pods Frameworks */ = {
			isa = PBXShellScriptBuildPhase;
			buildActionMask = 2147483647;
			files = (
			);
			inputPaths = (
			);
			name = "[CP] Embed Pods Frameworks";
			outputPaths = (
			);
			runOnlyForDeploymentPostprocessing = 0;
			shellPath = /bin/sh;
			shellScript = "\"${SRCROOT}/Pods/Target Support Files/Pods-FlixBusTests/Pods-FlixBusTests-frameworks.sh\"\n";
			showEnvVarsInLog = 0;
		};
		842059FE12F121CBBFE618E9 /* [CP] Copy Pods Resources */ = {
			isa = PBXShellScriptBuildPhase;
			buildActionMask = 2147483647;
			files = (
			);
			inputPaths = (
			);
			name = "[CP] Copy Pods Resources";
			outputPaths = (
			);
			runOnlyForDeploymentPostprocessing = 0;
			shellPath = /bin/sh;
			shellScript = "\"${SRCROOT}/Pods/Target Support Files/Pods-FlixBusTests/Pods-FlixBusTests-resources.sh\"\n";
			showEnvVarsInLog = 0;
		};
		B95494B88610A6ACBEE6CA67 /* [CP] Check Pods Manifest.lock */ = {
			isa = PBXShellScriptBuildPhase;
			buildActionMask = 2147483647;
			files = (
			);
			inputPaths = (
				"${PODS_PODFILE_DIR_PATH}/Podfile.lock",
				"${PODS_ROOT}/Manifest.lock",
			);
			name = "[CP] Check Pods Manifest.lock";
			outputPaths = (
				"$(DERIVED_FILE_DIR)/Pods-FlixBus-checkManifestLockResult.txt",
			);
			runOnlyForDeploymentPostprocessing = 0;
			shellPath = /bin/sh;
			shellScript = "diff \"${PODS_PODFILE_DIR_PATH}/Podfile.lock\" \"${PODS_ROOT}/Manifest.lock\" > /dev/null\nif [ $? != 0 ] ; then\n    # print error to STDERR\n    echo \"error: The sandbox is not in sync with the Podfile.lock. Run 'pod install' or update your CocoaPods installation.\" >&2\n    exit 1\nfi\n# This output is used by Xcode 'outputs' to avoid re-running this script phase.\necho \"SUCCESS\" > \"${SCRIPT_OUTPUT_FILE_0}\"\n";
			showEnvVarsInLog = 0;
		};
		E25E09261D7802DEA03D0EF1 /* [CP] Embed Pods Frameworks */ = {
			isa = PBXShellScriptBuildPhase;
			buildActionMask = 2147483647;
			files = (
			);
			inputPaths = (
				"${SRCROOT}/Pods/Target Support Files/Pods-FlixBus/Pods-FlixBus-frameworks.sh",
				"${BUILT_PRODUCTS_DIR}/Alamofire/Alamofire.framework",
				"${BUILT_PRODUCTS_DIR}/Differentiator/Differentiator.framework",
				"${BUILT_PRODUCTS_DIR}/NVActivityIndicatorView/NVActivityIndicatorView.framework",
				"${BUILT_PRODUCTS_DIR}/ObjectMapper/ObjectMapper.framework",
				"${BUILT_PRODUCTS_DIR}/RxAlamofire/RxAlamofire.framework",
				"${BUILT_PRODUCTS_DIR}/RxCocoa/RxCocoa.framework",
				"${BUILT_PRODUCTS_DIR}/RxDataSources/RxDataSources.framework",
				"${BUILT_PRODUCTS_DIR}/RxSwift/RxSwift.framework",
			);
			name = "[CP] Embed Pods Frameworks";
			outputPaths = (
				"${TARGET_BUILD_DIR}/${FRAMEWORKS_FOLDER_PATH}/Alamofire.framework",
				"${TARGET_BUILD_DIR}/${FRAMEWORKS_FOLDER_PATH}/Differentiator.framework",
				"${TARGET_BUILD_DIR}/${FRAMEWORKS_FOLDER_PATH}/NVActivityIndicatorView.framework",
				"${TARGET_BUILD_DIR}/${FRAMEWORKS_FOLDER_PATH}/ObjectMapper.framework",
				"${TARGET_BUILD_DIR}/${FRAMEWORKS_FOLDER_PATH}/RxAlamofire.framework",
				"${TARGET_BUILD_DIR}/${FRAMEWORKS_FOLDER_PATH}/RxCocoa.framework",
				"${TARGET_BUILD_DIR}/${FRAMEWORKS_FOLDER_PATH}/RxDataSources.framework",
				"${TARGET_BUILD_DIR}/${FRAMEWORKS_FOLDER_PATH}/RxSwift.framework",
			);
			runOnlyForDeploymentPostprocessing = 0;
			shellPath = /bin/sh;
			shellScript = "\"${SRCROOT}/Pods/Target Support Files/Pods-FlixBus/Pods-FlixBus-frameworks.sh\"\n";
			showEnvVarsInLog = 0;
		};
		EFD1C2B0B32466E43C3AD90C /* [CP] Copy Pods Resources */ = {
			isa = PBXShellScriptBuildPhase;
			buildActionMask = 2147483647;
			files = (
			);
			inputPaths = (
			);
			name = "[CP] Copy Pods Resources";
			outputPaths = (
			);
			runOnlyForDeploymentPostprocessing = 0;
			shellPath = /bin/sh;
			shellScript = "\"${SRCROOT}/Pods/Target Support Files/Pods-FlixBusUITests/Pods-FlixBusUITests-resources.sh\"\n";
			showEnvVarsInLog = 0;
		};
		F06E3D543D8AE661A9C801F5 /* [CP] Check Pods Manifest.lock */ = {
			isa = PBXShellScriptBuildPhase;
			buildActionMask = 2147483647;
			files = (
			);
			inputPaths = (
				"${PODS_PODFILE_DIR_PATH}/Podfile.lock",
				"${PODS_ROOT}/Manifest.lock",
			);
			name = "[CP] Check Pods Manifest.lock";
			outputPaths = (
				"$(DERIVED_FILE_DIR)/Pods-FlixBusUITests-checkManifestLockResult.txt",
			);
			runOnlyForDeploymentPostprocessing = 0;
			shellPath = /bin/sh;
			shellScript = "diff \"${PODS_PODFILE_DIR_PATH}/Podfile.lock\" \"${PODS_ROOT}/Manifest.lock\" > /dev/null\nif [ $? != 0 ] ; then\n    # print error to STDERR\n    echo \"error: The sandbox is not in sync with the Podfile.lock. Run 'pod install' or update your CocoaPods installation.\" >&2\n    exit 1\nfi\n# This output is used by Xcode 'outputs' to avoid re-running this script phase.\necho \"SUCCESS\" > \"${SCRIPT_OUTPUT_FILE_0}\"\n";
			showEnvVarsInLog = 0;
		};
/* End PBXShellScriptBuildPhase section */

/* Begin PBXSourcesBuildPhase section */
		10855891206BED1E00601CF7 /* Sources */ = {
			isa = PBXSourcesBuildPhase;
			buildActionMask = 2147483647;
			files = (
				10D4FE71206C351F00C22937 /* TimeTableInfo+RxDataSource.swift in Sources */,
				10D4FE6F206C307700C22937 /* LoadingIndicator.swift in Sources */,
				101D321F206CB8AD0038DAD7 /* UIView+Extension.swift in Sources */,
				101D3218206CB5CA0038DAD7 /* RouteInfoVC.swift in Sources */,
				10855899206BED1E00601CF7 /* AppDelegate.swift in Sources */,
				108558CF206BF2FC00601CF7 /* Configuration.swift in Sources */,
				101D321A206CB7D30038DAD7 /* RouteInfoView.swift in Sources */,
				10CC62742070273D00D165E5 /* Coordinates.swift in Sources */,
				10D4FE69206C240F00C22937 /* TimeTableInfo.swift in Sources */,
				101D3226206CD6210038DAD7 /* Station+JSON.swift in Sources */,
				108558C7206BEDC600601CF7 /* StationsListVC.swift in Sources */,
				101D322F206CF2630038DAD7 /* Preference.swift in Sources */,
				101D3222206CC14E0038DAD7 /* Date+Extension.swift in Sources */,
				10D4FE67206C1AAE00C22937 /* TimeTableCell.swift in Sources */,
				108558D2206C001C00601CF7 /* Navigation.swift in Sources */,
				10D4FE6D206C2CBF00C22937 /* JourneyType.swift in Sources */,
				101D3216206CAEBB0038DAD7 /* RouteInfo.swift in Sources */,
				101D322C206CEADD0038DAD7 /* ParsingHelper.swift in Sources */,
				108558CD206BF27500601CF7 /* Station.swift in Sources */,
				10D4FE6B206C2C4C00C22937 /* TimeTableInfo+JSON.swift in Sources */,
				10CC62722070271800D165E5 /* DateTime.swift in Sources */,
				108558C9206BF1F700601CF7 /* TimeTableListVC.swift in Sources */,
			);
			runOnlyForDeploymentPostprocessing = 0;
		};
		108558A5206BED1F00601CF7 /* Sources */ = {
			isa = PBXSourcesBuildPhase;
			buildActionMask = 2147483647;
			files = (
				1062771E206E3010009AB6A9 /* ParsingHelperTests.swift in Sources */,
				10CC6276207027D100D165E5 /* RouteInfoTests.swift in Sources */,
				10CC627020701FBB00D165E5 /* TimeTableTests.swift in Sources */,
				10CC626E20701A6C00D165E5 /* StationTests.swift in Sources */,
			);
			runOnlyForDeploymentPostprocessing = 0;
		};
		108558B0206BED1F00601CF7 /* Sources */ = {
			isa = PBXSourcesBuildPhase;
			buildActionMask = 2147483647;
			files = (
				108558B9206BED1F00601CF7 /* FlixBusUITests.swift in Sources */,
			);
			runOnlyForDeploymentPostprocessing = 0;
		};
/* End PBXSourcesBuildPhase section */

/* Begin PBXTargetDependency section */
		108558AB206BED1F00601CF7 /* PBXTargetDependency */ = {
			isa = PBXTargetDependency;
			target = 10855894206BED1E00601CF7 /* FlixBus */;
			targetProxy = 108558AA206BED1F00601CF7 /* PBXContainerItemProxy */;
		};
		108558B6206BED1F00601CF7 /* PBXTargetDependency */ = {
			isa = PBXTargetDependency;
			target = 10855894206BED1E00601CF7 /* FlixBus */;
			targetProxy = 108558B5206BED1F00601CF7 /* PBXContainerItemProxy */;
		};
/* End PBXTargetDependency section */

/* Begin PBXVariantGroup section */
		1085589C206BED1F00601CF7 /* Main.storyboard */ = {
			isa = PBXVariantGroup;
			children = (
				1085589D206BED1F00601CF7 /* Base */,
			);
			name = Main.storyboard;
			sourceTree = "<group>";
		};
		108558A1206BED1F00601CF7 /* LaunchScreen.storyboard */ = {
			isa = PBXVariantGroup;
			children = (
				108558A2206BED1F00601CF7 /* Base */,
			);
			name = LaunchScreen.storyboard;
			sourceTree = "<group>";
		};
/* End PBXVariantGroup section */

/* Begin XCBuildConfiguration section */
		108558BB206BED1F00601CF7 /* Debug */ = {
			isa = XCBuildConfiguration;
			buildSettings = {
				ALWAYS_SEARCH_USER_PATHS = NO;
				CLANG_ANALYZER_NONNULL = YES;
				CLANG_ANALYZER_NUMBER_OBJECT_CONVERSION = YES_AGGRESSIVE;
				CLANG_CXX_LANGUAGE_STANDARD = "gnu++14";
				CLANG_CXX_LIBRARY = "libc++";
				CLANG_ENABLE_MODULES = YES;
				CLANG_ENABLE_OBJC_ARC = YES;
				CLANG_WARN_BLOCK_CAPTURE_AUTORELEASING = YES;
				CLANG_WARN_BOOL_CONVERSION = YES;
				CLANG_WARN_COMMA = YES;
				CLANG_WARN_CONSTANT_CONVERSION = YES;
				CLANG_WARN_DIRECT_OBJC_ISA_USAGE = YES_ERROR;
				CLANG_WARN_DOCUMENTATION_COMMENTS = YES;
				CLANG_WARN_EMPTY_BODY = YES;
				CLANG_WARN_ENUM_CONVERSION = YES;
				CLANG_WARN_INFINITE_RECURSION = YES;
				CLANG_WARN_INT_CONVERSION = YES;
				CLANG_WARN_NON_LITERAL_NULL_CONVERSION = YES;
				CLANG_WARN_OBJC_LITERAL_CONVERSION = YES;
				CLANG_WARN_OBJC_ROOT_CLASS = YES_ERROR;
				CLANG_WARN_RANGE_LOOP_ANALYSIS = YES;
				CLANG_WARN_STRICT_PROTOTYPES = YES;
				CLANG_WARN_SUSPICIOUS_MOVE = YES;
				CLANG_WARN_UNGUARDED_AVAILABILITY = YES_AGGRESSIVE;
				CLANG_WARN_UNREACHABLE_CODE = YES;
				CLANG_WARN__DUPLICATE_METHOD_MATCH = YES;
				CODE_SIGN_IDENTITY = "iPhone Developer";
				COPY_PHASE_STRIP = NO;
				DEBUG_INFORMATION_FORMAT = dwarf;
				ENABLE_STRICT_OBJC_MSGSEND = YES;
				ENABLE_TESTABILITY = YES;
				GCC_C_LANGUAGE_STANDARD = gnu11;
				GCC_DYNAMIC_NO_PIC = NO;
				GCC_NO_COMMON_BLOCKS = YES;
				GCC_OPTIMIZATION_LEVEL = 0;
				GCC_PREPROCESSOR_DEFINITIONS = (
					"DEBUG=1",
					"$(inherited)",
				);
				GCC_WARN_64_TO_32_BIT_CONVERSION = YES;
				GCC_WARN_ABOUT_RETURN_TYPE = YES_ERROR;
				GCC_WARN_UNDECLARED_SELECTOR = YES;
				GCC_WARN_UNINITIALIZED_AUTOS = YES_AGGRESSIVE;
				GCC_WARN_UNUSED_FUNCTION = YES;
				GCC_WARN_UNUSED_VARIABLE = YES;
				IPHONEOS_DEPLOYMENT_TARGET = 11.2;
				MTL_ENABLE_DEBUG_INFO = YES;
				ONLY_ACTIVE_ARCH = YES;
				SDKROOT = iphoneos;
				SWIFT_ACTIVE_COMPILATION_CONDITIONS = DEBUG;
				SWIFT_OPTIMIZATION_LEVEL = "-Onone";
			};
			name = Debug;
		};
		108558BC206BED1F00601CF7 /* Release */ = {
			isa = XCBuildConfiguration;
			buildSettings = {
				ALWAYS_SEARCH_USER_PATHS = NO;
				CLANG_ANALYZER_NONNULL = YES;
				CLANG_ANALYZER_NUMBER_OBJECT_CONVERSION = YES_AGGRESSIVE;
				CLANG_CXX_LANGUAGE_STANDARD = "gnu++14";
				CLANG_CXX_LIBRARY = "libc++";
				CLANG_ENABLE_MODULES = YES;
				CLANG_ENABLE_OBJC_ARC = YES;
				CLANG_WARN_BLOCK_CAPTURE_AUTORELEASING = YES;
				CLANG_WARN_BOOL_CONVERSION = YES;
				CLANG_WARN_COMMA = YES;
				CLANG_WARN_CONSTANT_CONVERSION = YES;
				CLANG_WARN_DIRECT_OBJC_ISA_USAGE = YES_ERROR;
				CLANG_WARN_DOCUMENTATION_COMMENTS = YES;
				CLANG_WARN_EMPTY_BODY = YES;
				CLANG_WARN_ENUM_CONVERSION = YES;
				CLANG_WARN_INFINITE_RECURSION = YES;
				CLANG_WARN_INT_CONVERSION = YES;
				CLANG_WARN_NON_LITERAL_NULL_CONVERSION = YES;
				CLANG_WARN_OBJC_LITERAL_CONVERSION = YES;
				CLANG_WARN_OBJC_ROOT_CLASS = YES_ERROR;
				CLANG_WARN_RANGE_LOOP_ANALYSIS = YES;
				CLANG_WARN_STRICT_PROTOTYPES = YES;
				CLANG_WARN_SUSPICIOUS_MOVE = YES;
				CLANG_WARN_UNGUARDED_AVAILABILITY = YES_AGGRESSIVE;
				CLANG_WARN_UNREACHABLE_CODE = YES;
				CLANG_WARN__DUPLICATE_METHOD_MATCH = YES;
				CODE_SIGN_IDENTITY = "iPhone Developer";
				COPY_PHASE_STRIP = NO;
				DEBUG_INFORMATION_FORMAT = "dwarf-with-dsym";
				ENABLE_NS_ASSERTIONS = NO;
				ENABLE_STRICT_OBJC_MSGSEND = YES;
				GCC_C_LANGUAGE_STANDARD = gnu11;
				GCC_NO_COMMON_BLOCKS = YES;
				GCC_WARN_64_TO_32_BIT_CONVERSION = YES;
				GCC_WARN_ABOUT_RETURN_TYPE = YES_ERROR;
				GCC_WARN_UNDECLARED_SELECTOR = YES;
				GCC_WARN_UNINITIALIZED_AUTOS = YES_AGGRESSIVE;
				GCC_WARN_UNUSED_FUNCTION = YES;
				GCC_WARN_UNUSED_VARIABLE = YES;
				IPHONEOS_DEPLOYMENT_TARGET = 11.2;
				MTL_ENABLE_DEBUG_INFO = NO;
				SDKROOT = iphoneos;
				SWIFT_OPTIMIZATION_LEVEL = "-Owholemodule";
				VALIDATE_PRODUCT = YES;
			};
			name = Release;
		};
		108558BE206BED1F00601CF7 /* Debug */ = {
			isa = XCBuildConfiguration;
			baseConfigurationReference = 113198FAD163CC58D2D0BA70 /* Pods-FlixBus.debug.xcconfig */;
			buildSettings = {
				ASSETCATALOG_COMPILER_APPICON_NAME = AppIcon;
				CODE_SIGN_STYLE = Automatic;
				DEVELOPMENT_TEAM = NLP39UWW3M;
				INFOPLIST_FILE = FlixBus/Info.plist;
				IPHONEOS_DEPLOYMENT_TARGET = 9.0;
				LD_RUNPATH_SEARCH_PATHS = "$(inherited) @executable_path/Frameworks";
				PRODUCT_BUNDLE_IDENTIFIER = com.itsji10dra.FlixBus;
				PRODUCT_NAME = "$(TARGET_NAME)";
				SWIFT_VERSION = 4.0;
				TARGETED_DEVICE_FAMILY = 1;
			};
			name = Debug;
		};
		108558BF206BED1F00601CF7 /* Release */ = {
			isa = XCBuildConfiguration;
			baseConfigurationReference = 5A2E279151DB0F3BF98348C2 /* Pods-FlixBus.release.xcconfig */;
			buildSettings = {
				ASSETCATALOG_COMPILER_APPICON_NAME = AppIcon;
				CODE_SIGN_STYLE = Automatic;
				DEVELOPMENT_TEAM = NLP39UWW3M;
				INFOPLIST_FILE = FlixBus/Info.plist;
				IPHONEOS_DEPLOYMENT_TARGET = 9.0;
				LD_RUNPATH_SEARCH_PATHS = "$(inherited) @executable_path/Frameworks";
				PRODUCT_BUNDLE_IDENTIFIER = com.itsji10dra.FlixBus;
				PRODUCT_NAME = "$(TARGET_NAME)";
				SWIFT_VERSION = 4.0;
				TARGETED_DEVICE_FAMILY = 1;
			};
			name = Release;
		};
		108558C1206BED1F00601CF7 /* Debug */ = {
			isa = XCBuildConfiguration;
			baseConfigurationReference = 52FFF110BB8DFC7350F80C74 /* Pods-FlixBusTests.debug.xcconfig */;
			buildSettings = {
				ALWAYS_EMBED_SWIFT_STANDARD_LIBRARIES = YES;
				BUNDLE_LOADER = "$(TEST_HOST)";
				CODE_SIGN_STYLE = Automatic;
				DEVELOPMENT_TEAM = NLP39UWW3M;
				INFOPLIST_FILE = FlixBusTests/Info.plist;
				LD_RUNPATH_SEARCH_PATHS = "$(inherited) @executable_path/Frameworks @loader_path/Frameworks";
				PRODUCT_BUNDLE_IDENTIFIER = com.itsji10dra.FlixBusTests;
				PRODUCT_NAME = "$(TARGET_NAME)";
				SWIFT_VERSION = 4.0;
				TARGETED_DEVICE_FAMILY = "1,2";
				TEST_HOST = "$(BUILT_PRODUCTS_DIR)/FlixBus.app/FlixBus";
			};
			name = Debug;
		};
		108558C2206BED1F00601CF7 /* Release */ = {
			isa = XCBuildConfiguration;
			baseConfigurationReference = 6A928B5F60231B8EA2FCDE37 /* Pods-FlixBusTests.release.xcconfig */;
			buildSettings = {
				ALWAYS_EMBED_SWIFT_STANDARD_LIBRARIES = YES;
				BUNDLE_LOADER = "$(TEST_HOST)";
				CODE_SIGN_STYLE = Automatic;
				DEVELOPMENT_TEAM = NLP39UWW3M;
				INFOPLIST_FILE = FlixBusTests/Info.plist;
				LD_RUNPATH_SEARCH_PATHS = "$(inherited) @executable_path/Frameworks @loader_path/Frameworks";
				PRODUCT_BUNDLE_IDENTIFIER = com.itsji10dra.FlixBusTests;
				PRODUCT_NAME = "$(TARGET_NAME)";
				SWIFT_VERSION = 4.0;
				TARGETED_DEVICE_FAMILY = "1,2";
				TEST_HOST = "$(BUILT_PRODUCTS_DIR)/FlixBus.app/FlixBus";
			};
			name = Release;
		};
		108558C4206BED1F00601CF7 /* Debug */ = {
			isa = XCBuildConfiguration;
			baseConfigurationReference = D461C3372AAC0DDF5C9B089F /* Pods-FlixBusUITests.debug.xcconfig */;
			buildSettings = {
				ALWAYS_EMBED_SWIFT_STANDARD_LIBRARIES = YES;
				CODE_SIGN_STYLE = Automatic;
				DEVELOPMENT_TEAM = NLP39UWW3M;
				INFOPLIST_FILE = FlixBusUITests/Info.plist;
				LD_RUNPATH_SEARCH_PATHS = "$(inherited) @executable_path/Frameworks @loader_path/Frameworks";
				PRODUCT_BUNDLE_IDENTIFIER = com.itsji10dra.FlixBusUITests;
				PRODUCT_NAME = "$(TARGET_NAME)";
				SWIFT_VERSION = 4.0;
				TARGETED_DEVICE_FAMILY = "1,2";
				TEST_TARGET_NAME = FlixBus;
			};
			name = Debug;
		};
		108558C5206BED1F00601CF7 /* Release */ = {
			isa = XCBuildConfiguration;
			baseConfigurationReference = CC7D8A367D9692DE93344E3C /* Pods-FlixBusUITests.release.xcconfig */;
			buildSettings = {
				ALWAYS_EMBED_SWIFT_STANDARD_LIBRARIES = YES;
				CODE_SIGN_STYLE = Automatic;
				DEVELOPMENT_TEAM = NLP39UWW3M;
				INFOPLIST_FILE = FlixBusUITests/Info.plist;
				LD_RUNPATH_SEARCH_PATHS = "$(inherited) @executable_path/Frameworks @loader_path/Frameworks";
				PRODUCT_BUNDLE_IDENTIFIER = com.itsji10dra.FlixBusUITests;
				PRODUCT_NAME = "$(TARGET_NAME)";
				SWIFT_VERSION = 4.0;
				TARGETED_DEVICE_FAMILY = "1,2";
				TEST_TARGET_NAME = FlixBus;
			};
			name = Release;
		};
/* End XCBuildConfiguration section */

/* Begin XCConfigurationList section */
		10855890206BED1E00601CF7 /* Build configuration list for PBXProject "FlixBus" */ = {
			isa = XCConfigurationList;
			buildConfigurations = (
				108558BB206BED1F00601CF7 /* Debug */,
				108558BC206BED1F00601CF7 /* Release */,
			);
			defaultConfigurationIsVisible = 0;
			defaultConfigurationName = Release;
		};
		108558BD206BED1F00601CF7 /* Build configuration list for PBXNativeTarget "FlixBus" */ = {
			isa = XCConfigurationList;
			buildConfigurations = (
				108558BE206BED1F00601CF7 /* Debug */,
				108558BF206BED1F00601CF7 /* Release */,
			);
			defaultConfigurationIsVisible = 0;
			defaultConfigurationName = Release;
		};
		108558C0206BED1F00601CF7 /* Build configuration list for PBXNativeTarget "FlixBusTests" */ = {
			isa = XCConfigurationList;
			buildConfigurations = (
				108558C1206BED1F00601CF7 /* Debug */,
				108558C2206BED1F00601CF7 /* Release */,
			);
			defaultConfigurationIsVisible = 0;
			defaultConfigurationName = Release;
		};
		108558C3206BED1F00601CF7 /* Build configuration list for PBXNativeTarget "FlixBusUITests" */ = {
			isa = XCConfigurationList;
			buildConfigurations = (
				108558C4206BED1F00601CF7 /* Debug */,
				108558C5206BED1F00601CF7 /* Release */,
			);
			defaultConfigurationIsVisible = 0;
			defaultConfigurationName = Release;
		};
/* End XCConfigurationList section */
	};
	rootObject = 1085588D206BED1E00601CF7 /* Project object */;
}
